# THIS IS AN AUTOGENERATED FILE. DO NOT EDIT THIS FILE DIRECTLY.
# yarn lockfile v1


"@paperweight/utility@^1.0.1":
  version "1.0.1"
  resolved "https://registry.yarnpkg.com/@paperweight/utility/-/utility-1.0.1.tgz#e5b146153ff0b667b21fc0027399fb9cc67e5721"
  integrity sha512-oXfy2WV7hz+I6169P0kqtdN5fj5ba6S0LbrK/+GPd+z6Mpl91tVLRMCnZVfLKQ8TyOoIl9npZfkFvSJfdSQwMQ==

rxjs@^6.5.4:
  version "6.5.4"
  resolved "https://registry.yarnpkg.com/rxjs/-/rxjs-6.5.4.tgz#e0777fe0d184cec7872df147f303572d414e211c"
  integrity sha512-naMQXcgEo3csAEGvw/NydRA0fuS2nDZJiw1YUWFKU7aPPAPGZEsD4Iimit96qwCieH6y614MCLYwdkrWx7z/7Q==
  dependencies:
    tslib "^1.9.0"

tslib@^1.9.0:
  version "1.10.0"
  resolved "https://registry.yarnpkg.com/tslib/-/tslib-1.10.0.tgz#c3c19f95973fb0a62973fb09d90d961ee43e5c8a"
  integrity sha512-qOebF53frne81cf0S9B41ByenJ3/IuH8yJKngAX35CmiZySA0khhkovshKK+jGCaMnVomla7gVlIcc3EvKPbTQ==
